
Microsoft Visual Studio Solution File, Format Version 12.00
# Visual Studio 14
VisualStudioVersion = 14.0.25420.1
MinimumVisualStudioVersion = 10.0.40219.1
Project("{8BC9CEB8-8B4A-11D0-8D11-00A0C91BC942}") = "DisplayFBX", "DisplayFBX\DisplayFBX.vcxproj", "{26E5C13B-A522-4E33-AFB8-F660A629C7E5}"
	ProjectSection(ProjectDependencies) = postProject
		{3DB12ADD-1675-4483-8E46-EA05CBC4E1AB} = {3DB12ADD-1675-4483-8E46-EA05CBC4E1AB}
	EndProjectSection
EndProject
Project("{8BC9CEB8-8B4A-11D0-8D11-00A0C91BC942}") = "FBXManager", "FBXManager\FBXManager.vcxproj", "{3DB12ADD-1675-4483-8E46-EA05CBC4E1AB}"
EndProject
Global
	GlobalSection(SolutionConfigurationPlatforms) = preSolution
		Debug|x64 = Debug|x64
		Debug|x86 = Debug|x86
		Release|x64 = Release|x64
		Release|x86 = Release|x86
	EndGlobalSection
	GlobalSection(ProjectConfigurationPlatforms) = postSolution
		{26E5C13B-A522-4E33-AFB8-F660A629C7E5}.Debug|x64.ActiveCfg = Debug|x64
		{26E5C13B-A522-4E33-AFB8-F660A629C7E5}.Debug|x64.Build.0 = Debug|x64
		{26E5C13B-A522-4E33-AFB8-F660A629C7E5}.Debug|x86.ActiveCfg = Debug|Win32
		{26E5C13B-A522-4E33-AFB8-F660A629C7E5}.Debug|x86.Build.0 = Debug|Win32
		{26E5C13B-A522-4E33-AFB8-F660A629C7E5}.Release|x64.ActiveCfg = Release|x64
		{26E5C13B-A522-4E33-AFB8-F660A629C7E5}.Release|x64.Build.0 = Release|x64
		{26E5C13B-A522-4E33-AFB8-F660A629C7E5}.Release|x86.ActiveCfg = Release|Win32
		{26E5C13B-A522-4E33-AFB8-F660A629C7E5}.Release|x86.Build.0 = Release|Win32
		{3DB12ADD-1675-4483-8E46-EA05CBC4E1AB}.Debug|x64.ActiveCfg = Debug|x64
		{3DB12ADD-1675-4483-8E46-EA05CBC4E1AB}.Debug|x64.Build.0 = Debug|x64
		{3DB12ADD-1675-4483-8E46-EA05CBC4E1AB}.Debug|x86.ActiveCfg = Debug|Win32
		{3DB12ADD-1675-4483-8E46-EA05CBC4E1AB}.Debug|x86.Build.0 = Debug|Win32
		{3DB12ADD-1675-4483-8E46-EA05CBC4E1AB}.Release|x64.ActiveCfg = Release|x64
		{3DB12ADD-1675-4483-8E46-EA05CBC4E1AB}.Release|x64.Build.0 = Release|x64
		{3DB12ADD-1675-4483-8E46-EA05CBC4E1AB}.Release|x86.ActiveCfg = Release|Win32
		{3DB12ADD-1675-4483-8E46-EA05CBC4E1AB}.Release|x86.Build.0 = Release|Win32
	EndGlobalSection
	GlobalSection(SolutionProperties) = preSolution
		HideSolutionNode = FALSE
	EndGlobalSection
EndGlobal
